
Microsoft Visual Studio Solution File, Format Version 10.00
# Visual Studio 2008
Project("{FAE04EC0-301F-11D3-BF4B-00C04F79EFBC}") = "BoxSync.Core", "BoxSync.Core\BoxSync.Core.csproj", "{FC868A3E-DDC5-43D2-85AA-A27FEC79B251}"
EndProject
Project("{FAE04EC0-301F-11D3-BF4B-00C04F79EFBC}") = "BoxSync.Core.UnitTests", "BoxSync.Core.UnitTests\BoxSync.Core.UnitTests.csproj", "{35844479-F277-4F4C-9370-736D8C80C55F}"
EndProject
Project("{FAE04EC0-301F-11D3-BF4B-00C04F79EFBC}") = "BoxSync.Core.Doc", "BoxSync.Core.Doc\BoxSync.Core.Doc.csproj", "{FF179883-7FF2-4098-9820-EF57E8358126}"
EndProject
Global
	GlobalSection(SolutionConfigurationPlatforms) = preSolution
		Debug|Any CPU = Debug|Any CPU
		Release|Any CPU = Release|Any CPU
	EndGlobalSection
	GlobalSection(ProjectConfigurationPlatforms) = postSolution
		{FC868A3E-DDC5-43D2-85AA-A27FEC79B251}.Debug|Any CPU.ActiveCfg = Debug|Any CPU
		{FC868A3E-DDC5-43D2-85AA-A27FEC79B251}.Debug|Any CPU.Build.0 = Debug|Any CPU
		{FC868A3E-DDC5-43D2-85AA-A27FEC79B251}.Release|Any CPU.ActiveCfg = Release|Any CPU
		{FC868A3E-DDC5-43D2-85AA-A27FEC79B251}.Release|Any CPU.Build.0 = Release|Any CPU
		{35844479-F277-4F4C-9370-736D8C80C55F}.Debug|Any CPU.ActiveCfg = Debug|Any CPU
		{35844479-F277-4F4C-9370-736D8C80C55F}.Debug|Any CPU.Build.0 = Debug|Any CPU
		{35844479-F277-4F4C-9370-736D8C80C55F}.Release|Any CPU.ActiveCfg = Release|Any CPU
		{35844479-F277-4F4C-9370-736D8C80C55F}.Release|Any CPU.Build.0 = Release|Any CPU
		{FF179883-7FF2-4098-9820-EF57E8358126}.Debug|Any CPU.ActiveCfg = Debug|Any CPU
		{FF179883-7FF2-4098-9820-EF57E8358126}.Debug|Any CPU.Build.0 = Debug|Any CPU
		{FF179883-7FF2-4098-9820-EF57E8358126}.Release|Any CPU.ActiveCfg = Release|Any CPU
		{FF179883-7FF2-4098-9820-EF57E8358126}.Release|Any CPU.Build.0 = Release|Any CPU
	EndGlobalSection
	GlobalSection(SolutionProperties) = preSolution
		HideSolutionNode = FALSE
	EndGlobalSection
EndGlobal
